{
  "name": "merge-batch2json",
  "version": "0.1.1",
  "lockfileVersion": 1,
  "requires": true,
  "dependencies": {
    "batch-var-parser": {
      "version": "1.0.0",
      "resolved": "https://registry.npmjs.org/batch-var-parser/-/batch-var-parser-1.0.0.tgz",
      "integrity": "sha512-Ccu1aLVawQ9V8TuoZ+kZ4wTYsmx3to6NW1qblFHLOD2me8+B6aCG/kjFnfpkfF6egRY3+HpjUbe9N2KhSya18Q==",
      "requires": {
        "line-by-line": "^0.1.6"
      }
    },
    "line-by-line": {
      "version": "0.1.6",
      "resolved": "https://registry.npmjs.org/line-by-line/-/line-by-line-0.1.6.tgz",
      "integrity": "sha512-MmwVPfOyp0lWnEZ3fBA8Ah4pMFvxO6WgWovqZNu7Y4J0TNnGcsV4S1LzECHbdgqk1hoHc2mFP1Axc37YUqwafg=="
    },
    "replace-by-map": {
      "version": "0.0.1",
      "resolved": "https://registry.npmjs.org/replace-by-map/-/replace-by-map-0.0.1.tgz",
      "integrity": "sha512-qy1N8EK9y//urgTSPx1tgb9cBLEaVs43TJCyH00T+AOOIUrdkLzWVG6CeBK1H3h3QWpi4UHGbl4yW2fBYUdgmQ=="
    }
  }
}
